
Microsoft Visual Studio Solution File, Format Version 12.00
# Visual Studio Version 17
VisualStudioVersion = 17.6.33723.286
MinimumVisualStudioVersion = 10.0.40219.1
Project("{2150E333-8FDC-42A3-9474-1A3956D46DE8}") = "01 Main", "01 Main", "{B1D277BE-50DF-441D-95F9-79BEECE852C0}"
EndProject
Project("{FAE04EC0-301F-11D3-BF4B-00C04F79EFBC}") = "AIOVision", "01 Main\AIOVision\AIOVision.csproj", "{795F1132-1C4E-48E5-9CDA-1FFA916AF9BD}"
EndProject
Project("{2150E333-8FDC-42A3-9474-1A3956D46DE8}") = "02 Plugin", "02 Plugin", "{CB763C9F-946E-40A3-B4F5-3C4108E7947F}"
EndProject
Project("{2150E333-8FDC-42A3-9474-1A3956D46DE8}") = "03 Camera", "03 Camera", "{A0726F86-EAC2-431F-9D43-D9A747E2BED9}"
EndProject
Project("{2150E333-8FDC-42A3-9474-1A3956D46DE8}") = "000常用工具", "000常用工具", "{DE4E4221-1ED6-4832-931C-225F5DEAF5DA}"
EndProject
Project("{2150E333-8FDC-42A3-9474-1A3956D46DE8}") = "001图像处理", "001图像处理", "{C5B6DA3A-A923-4CBE-982F-2F579F685C6D}"
EndProject
Project("{2150E333-8FDC-42A3-9474-1A3956D46DE8}") = "NewFolder1", "NewFolder1", "{24750065-21EB-4682-9FE7-0B0954723575}"
EndProject
Project("{FAE04EC0-301F-11D3-BF4B-00C04F79EFBC}") = "Plugin.Delay", "02Plugin\000常用工具\Plugin.Delay\Plugin.Delay.csproj", "{9200DADA-F81D-4BFF-8458-0740249AC2CE}"
EndProject
Project("{FAE04EC0-301F-11D3-BF4B-00C04F79EFBC}") = "UcLinkData", "01 Main\UcLinkData\UcLinkData.csproj", "{31442CCD-BCA6-42A4-9AD8-4DFAD34F1104}"
EndProject
Project("{FAE04EC0-301F-11D3-BF4B-00C04F79EFBC}") = "ModuleFrm", "01 Main\ModuleFrm\ModuleFrm.csproj", "{FC17ED67-F33C-45C0-8C58-352B31E2F0AA}"
EndProject
Project("{FAE04EC0-301F-11D3-BF4B-00C04F79EFBC}") = "HWindow_Tool", "halcon控件\HWindow_Tool.csproj", "{9BAA53FD-89B5-43E2-AC59-A27B006DEBB6}"
EndProject
Global
	GlobalSection(SolutionConfigurationPlatforms) = preSolution
		Debug|Any CPU = Debug|Any CPU
		Debug|x64 = Debug|x64
		Debug|x86 = Debug|x86
		Release|Any CPU = Release|Any CPU
		Release|x64 = Release|x64
		Release|x86 = Release|x86
	EndGlobalSection
	GlobalSection(ProjectConfigurationPlatforms) = postSolution
		{795F1132-1C4E-48E5-9CDA-1FFA916AF9BD}.Debug|Any CPU.ActiveCfg = Debug|Any CPU
		{795F1132-1C4E-48E5-9CDA-1FFA916AF9BD}.Debug|Any CPU.Build.0 = Debug|Any CPU
		{795F1132-1C4E-48E5-9CDA-1FFA916AF9BD}.Debug|x64.ActiveCfg = Debug|Any CPU
		{795F1132-1C4E-48E5-9CDA-1FFA916AF9BD}.Debug|x64.Build.0 = Debug|Any CPU
		{795F1132-1C4E-48E5-9CDA-1FFA916AF9BD}.Debug|x86.ActiveCfg = Debug|Any CPU
		{795F1132-1C4E-48E5-9CDA-1FFA916AF9BD}.Debug|x86.Build.0 = Debug|Any CPU
		{795F1132-1C4E-48E5-9CDA-1FFA916AF9BD}.Release|Any CPU.ActiveCfg = Release|Any CPU
		{795F1132-1C4E-48E5-9CDA-1FFA916AF9BD}.Release|Any CPU.Build.0 = Release|Any CPU
		{795F1132-1C4E-48E5-9CDA-1FFA916AF9BD}.Release|x64.ActiveCfg = Release|Any CPU
		{795F1132-1C4E-48E5-9CDA-1FFA916AF9BD}.Release|x64.Build.0 = Release|Any CPU
		{795F1132-1C4E-48E5-9CDA-1FFA916AF9BD}.Release|x86.ActiveCfg = Release|Any CPU
		{795F1132-1C4E-48E5-9CDA-1FFA916AF9BD}.Release|x86.Build.0 = Release|Any CPU
		{9200DADA-F81D-4BFF-8458-0740249AC2CE}.Debug|Any CPU.ActiveCfg = Debug|Any CPU
		{9200DADA-F81D-4BFF-8458-0740249AC2CE}.Debug|Any CPU.Build.0 = Debug|Any CPU
		{9200DADA-F81D-4BFF-8458-0740249AC2CE}.Debug|x64.ActiveCfg = Debug|Any CPU
		{9200DADA-F81D-4BFF-8458-0740249AC2CE}.Debug|x64.Build.0 = Debug|Any CPU
		{9200DADA-F81D-4BFF-8458-0740249AC2CE}.Debug|x86.ActiveCfg = Debug|Any CPU
		{9200DADA-F81D-4BFF-8458-0740249AC2CE}.Debug|x86.Build.0 = Debug|Any CPU
		{9200DADA-F81D-4BFF-8458-0740249AC2CE}.Release|Any CPU.ActiveCfg = Release|Any CPU
		{9200DADA-F81D-4BFF-8458-0740249AC2CE}.Release|Any CPU.Build.0 = Release|Any CPU
		{9200DADA-F81D-4BFF-8458-0740249AC2CE}.Release|x64.ActiveCfg = Release|Any CPU
		{9200DADA-F81D-4BFF-8458-0740249AC2CE}.Release|x64.Build.0 = Release|Any CPU
		{9200DADA-F81D-4BFF-8458-0740249AC2CE}.Release|x86.ActiveCfg = Release|Any CPU
		{9200DADA-F81D-4BFF-8458-0740249AC2CE}.Release|x86.Build.0 = Release|Any CPU
		{31442CCD-BCA6-42A4-9AD8-4DFAD34F1104}.Debug|Any CPU.ActiveCfg = Debug|Any CPU
		{31442CCD-BCA6-42A4-9AD8-4DFAD34F1104}.Debug|Any CPU.Build.0 = Debug|Any CPU
		{31442CCD-BCA6-42A4-9AD8-4DFAD34F1104}.Debug|x64.ActiveCfg = Debug|Any CPU
		{31442CCD-BCA6-42A4-9AD8-4DFAD34F1104}.Debug|x64.Build.0 = Debug|Any CPU
		{31442CCD-BCA6-42A4-9AD8-4DFAD34F1104}.Debug|x86.ActiveCfg = Debug|Any CPU
		{31442CCD-BCA6-42A4-9AD8-4DFAD34F1104}.Debug|x86.Build.0 = Debug|Any CPU
		{31442CCD-BCA6-42A4-9AD8-4DFAD34F1104}.Release|Any CPU.ActiveCfg = Release|Any CPU
		{31442CCD-BCA6-42A4-9AD8-4DFAD34F1104}.Release|Any CPU.Build.0 = Release|Any CPU
		{31442CCD-BCA6-42A4-9AD8-4DFAD34F1104}.Release|x64.ActiveCfg = Release|Any CPU
		{31442CCD-BCA6-42A4-9AD8-4DFAD34F1104}.Release|x64.Build.0 = Release|Any CPU
		{31442CCD-BCA6-42A4-9AD8-4DFAD34F1104}.Release|x86.ActiveCfg = Release|Any CPU
		{31442CCD-BCA6-42A4-9AD8-4DFAD34F1104}.Release|x86.Build.0 = Release|Any CPU
		{FC17ED67-F33C-45C0-8C58-352B31E2F0AA}.Debug|Any CPU.ActiveCfg = Debug|Any CPU
		{FC17ED67-F33C-45C0-8C58-352B31E2F0AA}.Debug|Any CPU.Build.0 = Debug|Any CPU
		{FC17ED67-F33C-45C0-8C58-352B31E2F0AA}.Debug|x64.ActiveCfg = Debug|Any CPU
		{FC17ED67-F33C-45C0-8C58-352B31E2F0AA}.Debug|x64.Build.0 = Debug|Any CPU
		{FC17ED67-F33C-45C0-8C58-352B31E2F0AA}.Debug|x86.ActiveCfg = Debug|Any CPU
		{FC17ED67-F33C-45C0-8C58-352B31E2F0AA}.Debug|x86.Build.0 = Debug|Any CPU
		{FC17ED67-F33C-45C0-8C58-352B31E2F0AA}.Release|Any CPU.ActiveCfg = Release|Any CPU
		{FC17ED67-F33C-45C0-8C58-352B31E2F0AA}.Release|Any CPU.Build.0 = Release|Any CPU
		{FC17ED67-F33C-45C0-8C58-352B31E2F0AA}.Release|x64.ActiveCfg = Release|Any CPU
		{FC17ED67-F33C-45C0-8C58-352B31E2F0AA}.Release|x64.Build.0 = Release|Any CPU
		{FC17ED67-F33C-45C0-8C58-352B31E2F0AA}.Release|x86.ActiveCfg = Release|Any CPU
		{FC17ED67-F33C-45C0-8C58-352B31E2F0AA}.Release|x86.Build.0 = Release|Any CPU
		{9BAA53FD-89B5-43E2-AC59-A27B006DEBB6}.Debug|Any CPU.ActiveCfg = Debug|Any CPU
		{9BAA53FD-89B5-43E2-AC59-A27B006DEBB6}.Debug|Any CPU.Build.0 = Debug|Any CPU
		{9BAA53FD-89B5-43E2-AC59-A27B006DEBB6}.Debug|x64.ActiveCfg = Debug|x64
		{9BAA53FD-89B5-43E2-AC59-A27B006DEBB6}.Debug|x64.Build.0 = Debug|x64
		{9BAA53FD-89B5-43E2-AC59-A27B006DEBB6}.Debug|x86.ActiveCfg = Debug|x86
		{9BAA53FD-89B5-43E2-AC59-A27B006DEBB6}.Debug|x86.Build.0 = Debug|x86
		{9BAA53FD-89B5-43E2-AC59-A27B006DEBB6}.Release|Any CPU.ActiveCfg = Release|Any CPU
		{9BAA53FD-89B5-43E2-AC59-A27B006DEBB6}.Release|Any CPU.Build.0 = Release|Any CPU
		{9BAA53FD-89B5-43E2-AC59-A27B006DEBB6}.Release|x64.ActiveCfg = Release|x64
		{9BAA53FD-89B5-43E2-AC59-A27B006DEBB6}.Release|x64.Build.0 = Release|x64
		{9BAA53FD-89B5-43E2-AC59-A27B006DEBB6}.Release|x86.ActiveCfg = Release|x86
		{9BAA53FD-89B5-43E2-AC59-A27B006DEBB6}.Release|x86.Build.0 = Release|x86
	EndGlobalSection
	GlobalSection(SolutionProperties) = preSolution
		HideSolutionNode = FALSE
	EndGlobalSection
	GlobalSection(NestedProjects) = preSolution
		{795F1132-1C4E-48E5-9CDA-1FFA916AF9BD} = {B1D277BE-50DF-441D-95F9-79BEECE852C0}
		{DE4E4221-1ED6-4832-931C-225F5DEAF5DA} = {CB763C9F-946E-40A3-B4F5-3C4108E7947F}
		{C5B6DA3A-A923-4CBE-982F-2F579F685C6D} = {CB763C9F-946E-40A3-B4F5-3C4108E7947F}
		{24750065-21EB-4682-9FE7-0B0954723575} = {CB763C9F-946E-40A3-B4F5-3C4108E7947F}
		{9200DADA-F81D-4BFF-8458-0740249AC2CE} = {DE4E4221-1ED6-4832-931C-225F5DEAF5DA}
		{9BAA53FD-89B5-43E2-AC59-A27B006DEBB6} = {B1D277BE-50DF-441D-95F9-79BEECE852C0}
	EndGlobalSection
	GlobalSection(ExtensibilityGlobals) = postSolution
		SolutionGuid = {4F5F2009-0380-4553-A9C6-3920B47D91D4}
	EndGlobalSection
EndGlobal
